{
  "nodes": {
    "cobs-master": {
      "inputs": {
        "flakeNimbleLib": [
          "flakeNimbleLib"
        ],
        "nixpkgs": [
          "nixpkgs"
        ],
        "src-cobs-master": "src-cobs-master"
      },
      "locked": {
        "dir": "master",
        "lastModified": 1662254403,
        "narHash": "sha256-t989ZKxqgmshXdUE+B19mr5XIdTI5OpPRGa2ZmyS+SU=",
        "owner": "nim-nix-pkgs",
        "repo": "cobs",
        "rev": "82727f0993c3ee2727256b95c32f2feb15654b02",
        "type": "github"
      },
      "original": {
        "dir": "master",
        "owner": "nim-nix-pkgs",
        "ref": "master",
        "repo": "cobs",
        "type": "github"
      }
    },
    "flakeNimbleLib": {
      "inputs": {
        "nixpkgs": [
          "nixpkgs"
        ]
      },
      "locked": {
        "lastModified": 1662018438,
        "narHash": "sha256-QtNtU6+LX3Wokxf0zlFwKTFOcn6TeDjKQZ+DA9OYtvM=",
        "owner": "riinr",
        "repo": "nim-flakes-lib",
        "rev": "b1fe8340736e3a85d25c709ac3dfd82a55c03cbf",
        "type": "github"
      },
      "original": {
        "owner": "riinr",
        "ref": "master",
        "repo": "nim-flakes-lib",
        "type": "github"
      }
    },
    "nixpkgs": {
      "locked": {
        "lastModified": 1667110639,
        "narHash": "sha256-4FbPESZ5LbqQxkJJJBAfk/zKgF9h/4kyUwjjpJwYlbc=",
        "owner": "NixOS",
        "repo": "nixpkgs",
        "rev": "f38a1f04d1bec1feb61fd101a0539ae2002a7087",
        "type": "github"
      },
      "original": {
        "id": "nixpkgs",
        "type": "indirect"
      }
    },
    "root": {
      "inputs": {
        "cobs-master": "cobs-master",
        "flakeNimbleLib": "flakeNimbleLib",
        "nixpkgs": "nixpkgs"
      }
    },
    "src-cobs-master": {
      "flake": false,
      "locked": {
        "lastModified": 1522777427,
        "narHash": "sha256-bCIENygL/bI+eaRPTgXfPLut56FvHjwlbyMsLfCZLSw=",
        "owner": "keyme",
        "repo": "nim_cobs",
        "rev": "a2fa5ab0bca493e5b0c0806f5b0c3fbfda76fa23",
        "type": "github"
      },
      "original": {
        "owner": "keyme",
        "ref": "refs/heads/master",
        "repo": "nim_cobs",
        "type": "github"
      }
    }
  },
  "root": "root",
  "version": 7
}
